# This file was autogenerated by Stack.
# You should not edit this file by hand.
# For more information, please see the documentation at:
#   https://docs.haskellstack.org/en/stable/lock_files

packages: []
snapshots:
- completed:
    sha256: b08e22a3950a6688e1dc7274ec75c466c731e01b463f56f35f99b4f6bc0f798f
    size: 643196
    url: https://raw.githubusercontent.com/commercialhaskell/stackage-snapshots/master/nightly/2022/10/6.yaml
  original: nightly-2022-10-06
